
Microsoft Visual Studio Solution File, Format Version 12.00
# Visual Studio Version 17
VisualStudioVersion = 17.7.34221.43
MinimumVisualStudioVersion = 10.0.40219.1
Project("{8BC9CEB8-8B4A-11D0-8D11-00A0C91BC942}") = "Enums", "Enums.vcxproj", "{4369E522-1AEA-48FB-85C7-4364BE288164}"
EndProject
Global
	GlobalSection(SolutionConfigurationPlatforms) = preSolution
		Debug|x64 = Debug|x64
		Debug|x86 = Debug|x86
		Release|x64 = Release|x64
		Release|x86 = Release|x86
	EndGlobalSection
	GlobalSection(ProjectConfigurationPlatforms) = postSolution
		{4369E522-1AEA-48FB-85C7-4364BE288164}.Debug|x64.ActiveCfg = Debug|x64
		{4369E522-1AEA-48FB-85C7-4364BE288164}.Debug|x64.Build.0 = Debug|x64
		{4369E522-1AEA-48FB-85C7-4364BE288164}.Debug|x86.ActiveCfg = Debug|Win32
		{4369E522-1AEA-48FB-85C7-4364BE288164}.Debug|x86.Build.0 = Debug|Win32
		{4369E522-1AEA-48FB-85C7-4364BE288164}.Release|x64.ActiveCfg = Release|x64
		{4369E522-1AEA-48FB-85C7-4364BE288164}.Release|x64.Build.0 = Release|x64
		{4369E522-1AEA-48FB-85C7-4364BE288164}.Release|x86.ActiveCfg = Release|Win32
		{4369E522-1AEA-48FB-85C7-4364BE288164}.Release|x86.Build.0 = Release|Win32
	EndGlobalSection
	GlobalSection(SolutionProperties) = preSolution
		HideSolutionNode = FALSE
	EndGlobalSection
	GlobalSection(ExtensibilityGlobals) = postSolution
		SolutionGuid = {C2192841-CAB0-446E-8766-4A85F66537BF}
	EndGlobalSection
EndGlobal
